
Microsoft Visual Studio Solution File, Format Version 12.00
# Visual Studio Version 17
VisualStudioVersion = 17.3.32519.111
MinimumVisualStudioVersion = 10.0.40219.1
Project("{2150E333-8FDC-42A3-9474-1A3956D46DE8}") = "API", "API", "{C0B7F4F8-1173-4687-BEDD-A0ED0D371048}"
EndProject
Project("{9A19103F-16F7-4668-BE54-9A1E7A4F7556}") = "Web API", "API\Web API\Web API.csproj", "{78DF7A38-3AB0-443F-A5D3-55F96E7D8180}"
EndProject
Project("{9A19103F-16F7-4668-BE54-9A1E7A4F7556}") = "Entity Framework", "API\Entity Framework\Entity Framework.csproj", "{EC2B0C55-5129-42E5-AA6F-44812AA44672}"
EndProject
Project("{2150E333-8FDC-42A3-9474-1A3956D46DE8}") = "Algoritmer", "Algoritmer", "{4C85A248-C90C-4E37-B4FA-B1909E34BD51}"
EndProject
Project("{9A19103F-16F7-4668-BE54-9A1E7A4F7556}") = "Binær-søgning", "Algoritmer\Binær-søgning\Binær-søgning.csproj", "{25468D76-C8C8-4876-8838-586254B210E6}"
EndProject
Project("{9A19103F-16F7-4668-BE54-9A1E7A4F7556}") = "Lineær-søgning", "Algoritmer\Lineær-søgning\Lineær-søgning.csproj", "{2B5626DB-86F3-44B5-A25F-2A962C97A7DC}"
EndProject
Project("{9A19103F-16F7-4668-BE54-9A1E7A4F7556}") = "SortedArrayInsert", "Algoritmer\SortedArrayInsert\SortedArrayInsert.csproj", "{E4596FD9-CBE5-4C81-86A8-9CBB0D97181C}"
EndProject
Project("{2150E333-8FDC-42A3-9474-1A3956D46DE8}") = "Sortering", "Sortering", "{361B6458-B622-4AE6-81C6-0077E5281DF0}"
EndProject
Project("{9A19103F-16F7-4668-BE54-9A1E7A4F7556}") = "BubbleSort", "Sortering\BubbleSort\BubbleSort.csproj", "{CCF65E58-76D0-4099-A4FB-3031D1DC5B01}"
EndProject
Project("{9A19103F-16F7-4668-BE54-9A1E7A4F7556}") = "InsertionSort", "Sortering\InsertionSort\InsertionSort.csproj", "{7154E189-D64C-4698-9ED0-C65F9FB9B7AC}"
EndProject
Project("{9A19103F-16F7-4668-BE54-9A1E7A4F7556}") = "MergeSort", "Sortering\MergeSort\MergeSort.csproj", "{51AEF33C-C7B5-40AB-98DF-2EB7D8A53483}"
EndProject
Project("{9A19103F-16F7-4668-BE54-9A1E7A4F7556}") = "QuickSort", "Sortering\QuickSort\QuickSort.csproj", "{08EA39D6-1F58-48F1-87D5-018F18C649D0}"
EndProject
Project("{9A19103F-16F7-4668-BE54-9A1E7A4F7556}") = "SelectionSort", "Sortering\SelectionSort\SelectionSort.csproj", "{BD9AA681-0BAE-4702-BAFC-C59EB799329E}"
EndProject
Project("{2150E333-8FDC-42A3-9474-1A3956D46DE8}") = "LinkedList", "LinkedList", "{245E5C7D-7652-4D64-93F0-EFA28D792D2F}"
EndProject
Project("{9A19103F-16F7-4668-BE54-9A1E7A4F7556}") = "LinkedList", "LinkedList\LinkedList.csproj", "{2FA94824-93F8-4F24-954D-4F199D93DBAC}"
EndProject
Project("{2150E333-8FDC-42A3-9474-1A3956D46DE8}") = "Hashing", "Hashing", "{54CD5252-EC14-47DD-A643-C4EDA4DDAAA9}"
EndProject
Project("{FAE04EC0-301F-11D3-BF4B-00C04F79EFBC}") = "LinearProbing", "Hashing\LinearProbing\LinearProbing.csproj", "{790ADE70-1DB0-4EF6-A7F9-CA77D2E34A0E}"
EndProject
Project("{FAE04EC0-301F-11D3-BF4B-00C04F79EFBC}") = "Chaining", "Hashing\Chaining\Chaining.csproj", "{4E72A4F2-442A-4EE2-B9CD-5192372D5754}"
EndProject
Global
	GlobalSection(SolutionConfigurationPlatforms) = preSolution
		Debug|Any CPU = Debug|Any CPU
		Release|Any CPU = Release|Any CPU
	EndGlobalSection
	GlobalSection(ProjectConfigurationPlatforms) = postSolution
		{78DF7A38-3AB0-443F-A5D3-55F96E7D8180}.Debug|Any CPU.ActiveCfg = Debug|Any CPU
		{78DF7A38-3AB0-443F-A5D3-55F96E7D8180}.Debug|Any CPU.Build.0 = Debug|Any CPU
		{78DF7A38-3AB0-443F-A5D3-55F96E7D8180}.Release|Any CPU.ActiveCfg = Release|Any CPU
		{78DF7A38-3AB0-443F-A5D3-55F96E7D8180}.Release|Any CPU.Build.0 = Release|Any CPU
		{EC2B0C55-5129-42E5-AA6F-44812AA44672}.Debug|Any CPU.ActiveCfg = Debug|Any CPU
		{EC2B0C55-5129-42E5-AA6F-44812AA44672}.Debug|Any CPU.Build.0 = Debug|Any CPU
		{EC2B0C55-5129-42E5-AA6F-44812AA44672}.Release|Any CPU.ActiveCfg = Release|Any CPU
		{EC2B0C55-5129-42E5-AA6F-44812AA44672}.Release|Any CPU.Build.0 = Release|Any CPU
		{25468D76-C8C8-4876-8838-586254B210E6}.Debug|Any CPU.ActiveCfg = Debug|Any CPU
		{25468D76-C8C8-4876-8838-586254B210E6}.Debug|Any CPU.Build.0 = Debug|Any CPU
		{25468D76-C8C8-4876-8838-586254B210E6}.Release|Any CPU.ActiveCfg = Release|Any CPU
		{25468D76-C8C8-4876-8838-586254B210E6}.Release|Any CPU.Build.0 = Release|Any CPU
		{2B5626DB-86F3-44B5-A25F-2A962C97A7DC}.Debug|Any CPU.ActiveCfg = Debug|Any CPU
		{2B5626DB-86F3-44B5-A25F-2A962C97A7DC}.Debug|Any CPU.Build.0 = Debug|Any CPU
		{2B5626DB-86F3-44B5-A25F-2A962C97A7DC}.Release|Any CPU.ActiveCfg = Release|Any CPU
		{2B5626DB-86F3-44B5-A25F-2A962C97A7DC}.Release|Any CPU.Build.0 = Release|Any CPU
		{E4596FD9-CBE5-4C81-86A8-9CBB0D97181C}.Debug|Any CPU.ActiveCfg = Debug|Any CPU
		{E4596FD9-CBE5-4C81-86A8-9CBB0D97181C}.Debug|Any CPU.Build.0 = Debug|Any CPU
		{E4596FD9-CBE5-4C81-86A8-9CBB0D97181C}.Release|Any CPU.ActiveCfg = Release|Any CPU
		{E4596FD9-CBE5-4C81-86A8-9CBB0D97181C}.Release|Any CPU.Build.0 = Release|Any CPU
		{CCF65E58-76D0-4099-A4FB-3031D1DC5B01}.Debug|Any CPU.ActiveCfg = Debug|Any CPU
		{CCF65E58-76D0-4099-A4FB-3031D1DC5B01}.Debug|Any CPU.Build.0 = Debug|Any CPU
		{CCF65E58-76D0-4099-A4FB-3031D1DC5B01}.Release|Any CPU.ActiveCfg = Release|Any CPU
		{CCF65E58-76D0-4099-A4FB-3031D1DC5B01}.Release|Any CPU.Build.0 = Release|Any CPU
		{7154E189-D64C-4698-9ED0-C65F9FB9B7AC}.Debug|Any CPU.ActiveCfg = Debug|Any CPU
		{7154E189-D64C-4698-9ED0-C65F9FB9B7AC}.Debug|Any CPU.Build.0 = Debug|Any CPU
		{7154E189-D64C-4698-9ED0-C65F9FB9B7AC}.Release|Any CPU.ActiveCfg = Release|Any CPU
		{7154E189-D64C-4698-9ED0-C65F9FB9B7AC}.Release|Any CPU.Build.0 = Release|Any CPU
		{51AEF33C-C7B5-40AB-98DF-2EB7D8A53483}.Debug|Any CPU.ActiveCfg = Debug|Any CPU
		{51AEF33C-C7B5-40AB-98DF-2EB7D8A53483}.Debug|Any CPU.Build.0 = Debug|Any CPU
		{51AEF33C-C7B5-40AB-98DF-2EB7D8A53483}.Release|Any CPU.ActiveCfg = Release|Any CPU
		{51AEF33C-C7B5-40AB-98DF-2EB7D8A53483}.Release|Any CPU.Build.0 = Release|Any CPU
		{08EA39D6-1F58-48F1-87D5-018F18C649D0}.Debug|Any CPU.ActiveCfg = Debug|Any CPU
		{08EA39D6-1F58-48F1-87D5-018F18C649D0}.Debug|Any CPU.Build.0 = Debug|Any CPU
		{08EA39D6-1F58-48F1-87D5-018F18C649D0}.Release|Any CPU.ActiveCfg = Release|Any CPU
		{08EA39D6-1F58-48F1-87D5-018F18C649D0}.Release|Any CPU.Build.0 = Release|Any CPU
		{BD9AA681-0BAE-4702-BAFC-C59EB799329E}.Debug|Any CPU.ActiveCfg = Debug|Any CPU
		{BD9AA681-0BAE-4702-BAFC-C59EB799329E}.Debug|Any CPU.Build.0 = Debug|Any CPU
		{BD9AA681-0BAE-4702-BAFC-C59EB799329E}.Release|Any CPU.ActiveCfg = Release|Any CPU
		{BD9AA681-0BAE-4702-BAFC-C59EB799329E}.Release|Any CPU.Build.0 = Release|Any CPU
		{2FA94824-93F8-4F24-954D-4F199D93DBAC}.Debug|Any CPU.ActiveCfg = Debug|Any CPU
		{2FA94824-93F8-4F24-954D-4F199D93DBAC}.Debug|Any CPU.Build.0 = Debug|Any CPU
		{2FA94824-93F8-4F24-954D-4F199D93DBAC}.Release|Any CPU.ActiveCfg = Release|Any CPU
		{2FA94824-93F8-4F24-954D-4F199D93DBAC}.Release|Any CPU.Build.0 = Release|Any CPU
		{790ADE70-1DB0-4EF6-A7F9-CA77D2E34A0E}.Debug|Any CPU.ActiveCfg = Debug|Any CPU
		{790ADE70-1DB0-4EF6-A7F9-CA77D2E34A0E}.Debug|Any CPU.Build.0 = Debug|Any CPU
		{790ADE70-1DB0-4EF6-A7F9-CA77D2E34A0E}.Release|Any CPU.ActiveCfg = Release|Any CPU
		{790ADE70-1DB0-4EF6-A7F9-CA77D2E34A0E}.Release|Any CPU.Build.0 = Release|Any CPU
		{4E72A4F2-442A-4EE2-B9CD-5192372D5754}.Debug|Any CPU.ActiveCfg = Debug|Any CPU
		{4E72A4F2-442A-4EE2-B9CD-5192372D5754}.Debug|Any CPU.Build.0 = Debug|Any CPU
		{4E72A4F2-442A-4EE2-B9CD-5192372D5754}.Release|Any CPU.ActiveCfg = Release|Any CPU
		{4E72A4F2-442A-4EE2-B9CD-5192372D5754}.Release|Any CPU.Build.0 = Release|Any CPU
	EndGlobalSection
	GlobalSection(SolutionProperties) = preSolution
		HideSolutionNode = FALSE
	EndGlobalSection
	GlobalSection(NestedProjects) = preSolution
		{78DF7A38-3AB0-443F-A5D3-55F96E7D8180} = {C0B7F4F8-1173-4687-BEDD-A0ED0D371048}
		{EC2B0C55-5129-42E5-AA6F-44812AA44672} = {C0B7F4F8-1173-4687-BEDD-A0ED0D371048}
		{25468D76-C8C8-4876-8838-586254B210E6} = {4C85A248-C90C-4E37-B4FA-B1909E34BD51}
		{2B5626DB-86F3-44B5-A25F-2A962C97A7DC} = {4C85A248-C90C-4E37-B4FA-B1909E34BD51}
		{E4596FD9-CBE5-4C81-86A8-9CBB0D97181C} = {4C85A248-C90C-4E37-B4FA-B1909E34BD51}
		{CCF65E58-76D0-4099-A4FB-3031D1DC5B01} = {361B6458-B622-4AE6-81C6-0077E5281DF0}
		{7154E189-D64C-4698-9ED0-C65F9FB9B7AC} = {361B6458-B622-4AE6-81C6-0077E5281DF0}
		{51AEF33C-C7B5-40AB-98DF-2EB7D8A53483} = {361B6458-B622-4AE6-81C6-0077E5281DF0}
		{08EA39D6-1F58-48F1-87D5-018F18C649D0} = {361B6458-B622-4AE6-81C6-0077E5281DF0}
		{BD9AA681-0BAE-4702-BAFC-C59EB799329E} = {361B6458-B622-4AE6-81C6-0077E5281DF0}
		{2FA94824-93F8-4F24-954D-4F199D93DBAC} = {245E5C7D-7652-4D64-93F0-EFA28D792D2F}
		{790ADE70-1DB0-4EF6-A7F9-CA77D2E34A0E} = {54CD5252-EC14-47DD-A643-C4EDA4DDAAA9}
		{4E72A4F2-442A-4EE2-B9CD-5192372D5754} = {54CD5252-EC14-47DD-A643-C4EDA4DDAAA9}
	EndGlobalSection
	GlobalSection(ExtensibilityGlobals) = postSolution
		SolutionGuid = {B0AE3D94-6D4F-4B32-BCAA-C9D65293348A}
	EndGlobalSection
EndGlobal
